// !$*UTF8*$!
{
	archiveVersion = 1;
	classes = {
	};
	objectVersion = 50;
	objects = {

/* Begin PBXBuildFile section */
		D9C6C5922267EA4000C0B32B /* AppDelegate.swift in Sources */ = {isa = PBXBuildFile; fileRef = D9C6C5912267EA4000C0B32B /* AppDelegate.swift */; };
		D9C6C5942267EA4000C0B32B /* ViewController.swift in Sources */ = {isa = PBXBuildFile; fileRef = D9C6C5932267EA4000C0B32B /* ViewController.swift */; };
		D9C6C5972267EA4000C0B32B /* Main.storyboard in Resources */ = {isa = PBXBuildFile; fileRef = D9C6C5952267EA4000C0B32B /* Main.storyboard */; };
		D9C6C5992267EA4100C0B32B /* Assets.xcassets in Resources */ = {isa = PBXBuildFile; fileRef = D9C6C5982267EA4100C0B32B /* Assets.xcassets */; };
		D9C6C59C2267EA4100C0B32B /* LaunchScreen.storyboard in Resources */ = {isa = PBXBuildFile; fileRef = D9C6C59A2267EA4100C0B32B /* LaunchScreen.storyboard */; };
		D9C6C5A52267EAA200C0B32B /* ViewControllerFromNib.swift in Sources */ = {isa = PBXBuildFile; fileRef = D9C6C5A32267EAA200C0B32B /* ViewControllerFromNib.swift */; };
		D9C6C5A62267EAA200C0B32B /* ViewControllerFromNib.xib in Resources */ = {isa = PBXBuildFile; fileRef = D9C6C5A42267EAA200C0B32B /* ViewControllerFromNib.xib */; };
		D9C6C5A92267EAD600C0B32B /* ViewControllerCreatedByCode.swift in Sources */ = {isa = PBXBuildFile; fileRef = D9C6C5A82267EAD600C0B32B /* ViewControllerCreatedByCode.swift */; };
		D9C6C5AB2267ED5B00C0B32B /* ViewControllerFromStoryboard.swift in Sources */ = {isa = PBXBuildFile; fileRef = D9C6C5AA2267ED5B00C0B32B /* ViewControllerFromStoryboard.swift */; };
		D9C6C5AD2267ED7900C0B32B /* ExampleStoryboard.storyboard in Resources */ = {isa = PBXBuildFile; fileRef = D9C6C5AC2267ED7900C0B32B /* ExampleStoryboard.storyboard */; };
		D9C6C5AF2267F16900C0B32B /* AnotherViewControllerFromNib.xib in Resources */ = {isa = PBXBuildFile; fileRef = D9C6C5AE2267F16900C0B32B /* AnotherViewControllerFromNib.xib */; };
		D9C6C5B12267FB4A00C0B32B /* ViewByCode.swift in Sources */ = {isa = PBXBuildFile; fileRef = D9C6C5B02267FB4A00C0B32B /* ViewByCode.swift */; };
		D9C6C5B32267FBF900C0B32B /* ViewFromNib.swift in Sources */ = {isa = PBXBuildFile; fileRef = D9C6C5B22267FBF900C0B32B /* ViewFromNib.swift */; };
		D9C6C5B52267FC0500C0B32B /* ViewFromNib.xib in Resources */ = {isa = PBXBuildFile; fileRef = D9C6C5B42267FC0500C0B32B /* ViewFromNib.xib */; };
		D9C6C5B72268010000C0B32B /* UIView+extension.swift in Sources */ = {isa = PBXBuildFile; fileRef = D9C6C5B62268010000C0B32B /* UIView+extension.swift */; };
		D9C6C5BB226815C300C0B32B /* UIViewController+extension.swift in Sources */ = {isa = PBXBuildFile; fileRef = D9C6C5BA226815C300C0B32B /* UIViewController+extension.swift */; };
/* End PBXBuildFile section */

/* Begin PBXFileReference section */
		D9C6C58E2267EA4000C0B32B /* UILab.app */ = {isa = PBXFileReference; explicitFileType = wrapper.application; includeInIndex = 0; path = UILab.app; sourceTree = BUILT_PRODUCTS_DIR; };
		D9C6C5912267EA4000C0B32B /* AppDelegate.swift */ = {isa = PBXFileReference; lastKnownFileType = sourcecode.swift; path = AppDelegate.swift; sourceTree = "<group>"; };
		D9C6C5932267EA4000C0B32B /* ViewController.swift */ = {isa = PBXFileReference; lastKnownFileType = sourcecode.swift; path = ViewController.swift; sourceTree = "<group>"; };
		D9C6C5962267EA4000C0B32B /* Base */ = {isa = PBXFileReference; lastKnownFileType = file.storyboard; name = Base; path = Base.lproj/Main.storyboard; sourceTree = "<group>"; };
		D9C6C5982267EA4100C0B32B /* Assets.xcassets */ = {isa = PBXFileReference; lastKnownFileType = folder.assetcatalog; path = Assets.xcassets; sourceTree = "<group>"; };
		D9C6C59B2267EA4100C0B32B /* Base */ = {isa = PBXFileReference; lastKnownFileType = file.storyboard; name = Base; path = Base.lproj/LaunchScreen.storyboard; sourceTree = "<group>"; };
		D9C6C59D2267EA4100C0B32B /* Info.plist */ = {isa = PBXFileReference; lastKnownFileType = text.plist.xml; path = Info.plist; sourceTree = "<group>"; };
		D9C6C5A32267EAA200C0B32B /* ViewControllerFromNib.swift */ = {isa = PBXFileReference; lastKnownFileType = sourcecode.swift; path = ViewControllerFromNib.swift; sourceTree = "<group>"; };
		D9C6C5A42267EAA200C0B32B /* ViewControllerFromNib.xib */ = {isa = PBXFileReference; lastKnownFileType = file.xib; path = ViewControllerFromNib.xib; sourceTree = "<group>"; };
		D9C6C5A82267EAD600C0B32B /* ViewControllerCreatedByCode.swift */ = {isa = PBXFileReference; lastKnownFileType = sourcecode.swift; path = ViewControllerCreatedByCode.swift; sourceTree = "<group>"; };
		D9C6C5AA2267ED5B00C0B32B /* ViewControllerFromStoryboard.swift */ = {isa = PBXFileReference; lastKnownFileType = sourcecode.swift; path = ViewControllerFromStoryboard.swift; sourceTree = "<group>"; };
		D9C6C5AC2267ED7900C0B32B /* ExampleStoryboard.storyboard */ = {isa = PBXFileReference; lastKnownFileType = file.storyboard; path = ExampleStoryboard.storyboard; sourceTree = "<group>"; };
		D9C6C5AE2267F16900C0B32B /* AnotherViewControllerFromNib.xib */ = {isa = PBXFileReference; fileEncoding = 4; lastKnownFileType = file.xib; path = AnotherViewControllerFromNib.xib; sourceTree = "<group>"; };
		D9C6C5B02267FB4A00C0B32B /* ViewByCode.swift */ = {isa = PBXFileReference; lastKnownFileType = sourcecode.swift; path = ViewByCode.swift; sourceTree = "<group>"; };
		D9C6C5B22267FBF900C0B32B /* ViewFromNib.swift */ = {isa = PBXFileReference; lastKnownFileType = sourcecode.swift; path = ViewFromNib.swift; sourceTree = "<group>"; };
		D9C6C5B42267FC0500C0B32B /* ViewFromNib.xib */ = {isa = PBXFileReference; lastKnownFileType = file.xib; path = ViewFromNib.xib; sourceTree = "<group>"; };
		D9C6C5B62268010000C0B32B /* UIView+extension.swift */ = {isa = PBXFileReference; lastKnownFileType = sourcecode.swift; path = "UIView+extension.swift"; sourceTree = "<group>"; };
		D9C6C5BA226815C300C0B32B /* UIViewController+extension.swift */ = {isa = PBXFileReference; lastKnownFileType = sourcecode.swift; path = "UIViewController+extension.swift"; sourceTree = "<group>"; };
/* End PBXFileReference section */

/* Begin PBXFrameworksBuildPhase section */
		D9C6C58B2267EA4000C0B32B /* Frameworks */ = {
			isa = PBXFrameworksBuildPhase;
			buildActionMask = 2147483647;
			files = (
			);
			runOnlyForDeploymentPostprocessing = 0;
		};
/* End PBXFrameworksBuildPhase section */

/* Begin PBXGroup section */
		D9C6C5852267EA4000C0B32B = {
			isa = PBXGroup;
			children = (
				D9C6C5902267EA4000C0B32B /* UILab */,
				D9C6C58F2267EA4000C0B32B /* Products */,
			);
			sourceTree = "<group>";
		};
		D9C6C58F2267EA4000C0B32B /* Products */ = {
			isa = PBXGroup;
			children = (
				D9C6C58E2267EA4000C0B32B /* UILab.app */,
			);
			name = Products;
			sourceTree = "<group>";
		};
		D9C6C5902267EA4000C0B32B /* UILab */ = {
			isa = PBXGroup;
			children = (
				D9C6C5A72267EAAB00C0B32B /* UI */,
				D9C6C5912267EA4000C0B32B /* AppDelegate.swift */,
				D9C6C5932267EA4000C0B32B /* ViewController.swift */,
				D9C6C5952267EA4000C0B32B /* Main.storyboard */,
				D9C6C5982267EA4100C0B32B /* Assets.xcassets */,
				D9C6C59A2267EA4100C0B32B /* LaunchScreen.storyboard */,
				D9C6C59D2267EA4100C0B32B /* Info.plist */,
			);
			path = UILab;
			sourceTree = "<group>";
		};
		D9C6C5A72267EAAB00C0B32B /* UI */ = {
			isa = PBXGroup;
			children = (
				D9C6C5B922680C3500C0B32B /* Views */,
				D9C6C5B822680C2A00C0B32B /* ViewControllers */,
				D9C6C5B62268010000C0B32B /* UIView+extension.swift */,
				D9C6C5BA226815C300C0B32B /* UIViewController+extension.swift */,
			);
			path = UI;
			sourceTree = "<group>";
		};
		D9C6C5B822680C2A00C0B32B /* ViewControllers */ = {
			isa = PBXGroup;
			children = (
				D9C6C5A82267EAD600C0B32B /* ViewControllerCreatedByCode.swift */,
				D9C6C5A32267EAA200C0B32B /* ViewControllerFromNib.swift */,
				D9C6C5A42267EAA200C0B32B /* ViewControllerFromNib.xib */,
				D9C6C5AE2267F16900C0B32B /* AnotherViewControllerFromNib.xib */,
				D9C6C5AA2267ED5B00C0B32B /* ViewControllerFromStoryboard.swift */,
				D9C6C5AC2267ED7900C0B32B /* ExampleStoryboard.storyboard */,
			);
			path = ViewControllers;
			sourceTree = "<group>";
		};
		D9C6C5B922680C3500C0B32B /* Views */ = {
			isa = PBXGroup;
			children = (
				D9C6C5B02267FB4A00C0B32B /* ViewByCode.swift */,
				D9C6C5B22267FBF900C0B32B /* ViewFromNib.swift */,
				D9C6C5B42267FC0500C0B32B /* ViewFromNib.xib */,
			);
			path = Views;
			sourceTree = "<group>";
		};
/* End PBXGroup section */

/* Begin PBXNativeTarget section */
		D9C6C58D2267EA4000C0B32B /* UILab */ = {
			isa = PBXNativeTarget;
			buildConfigurationList = D9C6C5A02267EA4100C0B32B /* Build configuration list for PBXNativeTarget "UILab" */;
			buildPhases = (
				D9C6C58A2267EA4000C0B32B /* Sources */,
				D9C6C58B2267EA4000C0B32B /* Frameworks */,
				D9C6C58C2267EA4000C0B32B /* Resources */,
			);
			buildRules = (
			);
			dependencies = (
			);
			name = UILab;
			productName = UILab;
			productReference = D9C6C58E2267EA4000C0B32B /* UILab.app */;
			productType = "com.apple.product-type.application";
		};
/* End PBXNativeTarget section */

/* Begin PBXProject section */
		D9C6C5862267EA4000C0B32B /* Project object */ = {
			isa = PBXProject;
			attributes = {
				LastSwiftUpdateCheck = 1010;
				LastUpgradeCheck = 1010;
				ORGANIZATIONNAME = Sylvia;
				TargetAttributes = {
					D9C6C58D2267EA4000C0B32B = {
						CreatedOnToolsVersion = 10.1;
					};
				};
			};
			buildConfigurationList = D9C6C5892267EA4000C0B32B /* Build configuration list for PBXProject "UILab" */;
			compatibilityVersion = "Xcode 9.3";
			developmentRegion = en;
			hasScannedForEncodings = 0;
			knownRegions = (
				en,
				Base,
			);
			mainGroup = D9C6C5852267EA4000C0B32B;
			productRefGroup = D9C6C58F2267EA4000C0B32B /* Products */;
			projectDirPath = "";
			projectRoot = "";
			targets = (
				D9C6C58D2267EA4000C0B32B /* UILab */,
			);
		};
/* End PBXProject section */

/* Begin PBXResourcesBuildPhase section */
		D9C6C58C2267EA4000C0B32B /* Resources */ = {
			isa = PBXResourcesBuildPhase;
			buildActionMask = 2147483647;
			files = (
				D9C6C5B52267FC0500C0B32B /* ViewFromNib.xib in Resources */,
				D9C6C5AF2267F16900C0B32B /* AnotherViewControllerFromNib.xib in Resources */,
				D9C6C59C2267EA4100C0B32B /* LaunchScreen.storyboard in Resources */,
				D9C6C5992267EA4100C0B32B /* Assets.xcassets in Resources */,
				D9C6C5AD2267ED7900C0B32B /* ExampleStoryboard.storyboard in Resources */,
				D9C6C5A62267EAA200C0B32B /* ViewControllerFromNib.xib in Resources */,
				D9C6C5972267EA4000C0B32B /* Main.storyboard in Resources */,
			);
			runOnlyForDeploymentPostprocessing = 0;
		};
/* End PBXResourcesBuildPhase section */

/* Begin PBXSourcesBuildPhase section */
		D9C6C58A2267EA4000C0B32B /* Sources */ = {
			isa = PBXSourcesBuildPhase;
			buildActionMask = 2147483647;
			files = (
				D9C6C5B32267FBF900C0B32B /* ViewFromNib.swift in Sources */,
				D9C6C5B12267FB4A00C0B32B /* ViewByCode.swift in Sources */,
				D9C6C5BB226815C300C0B32B /* UIViewController+extension.swift in Sources */,
				D9C6C5B72268010000C0B32B /* UIView+extension.swift in Sources */,
				D9C6C5A52267EAA200C0B32B /* ViewControllerFromNib.swift in Sources */,
				D9C6C5AB2267ED5B00C0B32B /* ViewControllerFromStoryboard.swift in Sources */,
				D9C6C5942267EA4000C0B32B /* ViewController.swift in Sources */,
				D9C6C5922267EA4000C0B32B /* AppDelegate.swift in Sources */,
				D9C6C5A92267EAD600C0B32B /* ViewControllerCreatedByCode.swift in Sources */,
			);
			runOnlyForDeploymentPostprocessing = 0;
		};
/* End PBXSourcesBuildPhase section */

/* Begin PBXVariantGroup section */
		D9C6C5952267EA4000C0B32B /* Main.storyboard */ = {
			isa = PBXVariantGroup;
			children = (
				D9C6C5962267EA4000C0B32B /* Base */,
			);
			name = Main.storyboard;
			sourceTree = "<group>";
		};
		D9C6C59A2267EA4100C0B32B /* LaunchScreen.storyboard */ = {
			isa = PBXVariantGroup;
			children = (
				D9C6C59B2267EA4100C0B32B /* Base */,
			);
			name = LaunchScreen.storyboard;
			sourceTree = "<group>";
		};
/* End PBXVariantGroup section */

/* Begin XCBuildConfiguration section */
		D9C6C59E2267EA4100C0B32B /* Debug */ = {
			isa = XCBuildConfiguration;
			buildSettings = {
				ALWAYS_SEARCH_USER_PATHS = NO;
				CLANG_ANALYZER_NONNULL = YES;
				CLANG_ANALYZER_NUMBER_OBJECT_CONVERSION = YES_AGGRESSIVE;
				CLANG_CXX_LANGUAGE_STANDARD = "gnu++14";
				CLANG_CXX_LIBRARY = "libc++";
				CLANG_ENABLE_MODULES = YES;
				CLANG_ENABLE_OBJC_ARC = YES;
				CLANG_ENABLE_OBJC_WEAK = YES;
				CLANG_WARN_BLOCK_CAPTURE_AUTORELEASING = YES;
				CLANG_WARN_BOOL_CONVERSION = YES;
				CLANG_WARN_COMMA = YES;
				CLANG_WARN_CONSTANT_CONVERSION = YES;
				CLANG_WARN_DEPRECATED_OBJC_IMPLEMENTATIONS = YES;
				CLANG_WARN_DIRECT_OBJC_ISA_USAGE = YES_ERROR;
				CLANG_WARN_DOCUMENTATION_COMMENTS = YES;
				CLANG_WARN_EMPTY_BODY = YES;
				CLANG_WARN_ENUM_CONVERSION = YES;
				CLANG_WARN_INFINITE_RECURSION = YES;
				CLANG_WARN_INT_CONVERSION = YES;
				CLANG_WARN_NON_LITERAL_NULL_CONVERSION = YES;
				CLANG_WARN_OBJC_IMPLICIT_RETAIN_SELF = YES;
				CLANG_WARN_OBJC_LITERAL_CONVERSION = YES;
				CLANG_WARN_OBJC_ROOT_CLASS = YES_ERROR;
				CLANG_WARN_RANGE_LOOP_ANALYSIS = YES;
				CLANG_WARN_STRICT_PROTOTYPES = YES;
				CLANG_WARN_SUSPICIOUS_MOVE = YES;
				CLANG_WARN_UNGUARDED_AVAILABILITY = YES_AGGRESSIVE;
				CLANG_WARN_UNREACHABLE_CODE = YES;
				CLANG_WARN__DUPLICATE_METHOD_MATCH = YES;
				CODE_SIGN_IDENTITY = "iPhone Developer";
				COPY_PHASE_STRIP = NO;
				DEBUG_INFORMATION_FORMAT = dwarf;
				ENABLE_STRICT_OBJC_MSGSEND = YES;
				ENABLE_TESTABILITY = YES;
				GCC_C_LANGUAGE_STANDARD = gnu11;
				GCC_DYNAMIC_NO_PIC = NO;
				GCC_NO_COMMON_BLOCKS = YES;
				GCC_OPTIMIZATION_LEVEL = 0;
				GCC_PREPROCESSOR_DEFINITIONS = (
					"DEBUG=1",
					"$(inherited)",
				);
				GCC_WARN_64_TO_32_BIT_CONVERSION = YES;
				GCC_WARN_ABOUT_RETURN_TYPE = YES_ERROR;
				GCC_WARN_UNDECLARED_SELECTOR = YES;
				GCC_WARN_UNINITIALIZED_AUTOS = YES_AGGRESSIVE;
				GCC_WARN_UNUSED_FUNCTION = YES;
				GCC_WARN_UNUSED_VARIABLE = YES;
				IPHONEOS_DEPLOYMENT_TARGET = 12.1;
				MTL_ENABLE_DEBUG_INFO = INCLUDE_SOURCE;
				MTL_FAST_MATH = YES;
				ONLY_ACTIVE_ARCH = YES;
				SDKROOT = iphoneos;
				SWIFT_ACTIVE_COMPILATION_CONDITIONS = DEBUG;
				SWIFT_OPTIMIZATION_LEVEL = "-Onone";
			};
			name = Debug;
		};
		D9C6C59F2267EA4100C0B32B /* Release */ = {
			isa = XCBuildConfiguration;
			buildSettings = {
				ALWAYS_SEARCH_USER_PATHS = NO;
				CLANG_ANALYZER_NONNULL = YES;
				CLANG_ANALYZER_NUMBER_OBJECT_CONVERSION = YES_AGGRESSIVE;
				CLANG_CXX_LANGUAGE_STANDARD = "gnu++14";
				CLANG_CXX_LIBRARY = "libc++";
				CLANG_ENABLE_MODULES = YES;
				CLANG_ENABLE_OBJC_ARC = YES;
				CLANG_ENABLE_OBJC_WEAK = YES;
				CLANG_WARN_BLOCK_CAPTURE_AUTORELEASING = YES;
				CLANG_WARN_BOOL_CONVERSION = YES;
				CLANG_WARN_COMMA = YES;
				CLANG_WARN_CONSTANT_CONVERSION = YES;
				CLANG_WARN_DEPRECATED_OBJC_IMPLEMENTATIONS = YES;
				CLANG_WARN_DIRECT_OBJC_ISA_USAGE = YES_ERROR;
				CLANG_WARN_DOCUMENTATION_COMMENTS = YES;
				CLANG_WARN_EMPTY_BODY = YES;
				CLANG_WARN_ENUM_CONVERSION = YES;
				CLANG_WARN_INFINITE_RECURSION = YES;
				CLANG_WARN_INT_CONVERSION = YES;
				CLANG_WARN_NON_LITERAL_NULL_CONVERSION = YES;
				CLANG_WARN_OBJC_IMPLICIT_RETAIN_SELF = YES;
				CLANG_WARN_OBJC_LITERAL_CONVERSION = YES;
				CLANG_WARN_OBJC_ROOT_CLASS = YES_ERROR;
				CLANG_WARN_RANGE_LOOP_ANALYSIS = YES;
				CLANG_WARN_STRICT_PROTOTYPES = YES;
				CLANG_WARN_SUSPICIOUS_MOVE = YES;
				CLANG_WARN_UNGUARDED_AVAILABILITY = YES_AGGRESSIVE;
				CLANG_WARN_UNREACHABLE_CODE = YES;
				CLANG_WARN__DUPLICATE_METHOD_MATCH = YES;
				CODE_SIGN_IDENTITY = "iPhone Developer";
				COPY_PHASE_STRIP = NO;
				DEBUG_INFORMATION_FORMAT = "dwarf-with-dsym";
				ENABLE_NS_ASSERTIONS = NO;
				ENABLE_STRICT_OBJC_MSGSEND = YES;
				GCC_C_LANGUAGE_STANDARD = gnu11;
				GCC_NO_COMMON_BLOCKS = YES;
				GCC_WARN_64_TO_32_BIT_CONVERSION = YES;
				GCC_WARN_ABOUT_RETURN_TYPE = YES_ERROR;
				GCC_WARN_UNDECLARED_SELECTOR = YES;
				GCC_WARN_UNINITIALIZED_AUTOS = YES_AGGRESSIVE;
				GCC_WARN_UNUSED_FUNCTION = YES;
				GCC_WARN_UNUSED_VARIABLE = YES;
				IPHONEOS_DEPLOYMENT_TARGET = 12.1;
				MTL_ENABLE_DEBUG_INFO = NO;
				MTL_FAST_MATH = YES;
				SDKROOT = iphoneos;
				SWIFT_COMPILATION_MODE = wholemodule;
				SWIFT_OPTIMIZATION_LEVEL = "-O";
				VALIDATE_PRODUCT = YES;
			};
			name = Release;
		};
		D9C6C5A12267EA4100C0B32B /* Debug */ = {
			isa = XCBuildConfiguration;
			buildSettings = {
				ASSETCATALOG_COMPILER_APPICON_NAME = AppIcon;
				CODE_SIGN_STYLE = Automatic;
				INFOPLIST_FILE = UILab/Info.plist;
				LD_RUNPATH_SEARCH_PATHS = (
					"$(inherited)",
					"@executable_path/Frameworks",
				);
				PRODUCT_BUNDLE_IDENTIFIER = Esperanca.UILab;
				PRODUCT_NAME = "$(TARGET_NAME)";
				SWIFT_VERSION = 4.2;
				TARGETED_DEVICE_FAMILY = "1,2";
			};
			name = Debug;
		};
		D9C6C5A22267EA4100C0B32B /* Release */ = {
			isa = XCBuildConfiguration;
			buildSettings = {
				ASSETCATALOG_COMPILER_APPICON_NAME = AppIcon;
				CODE_SIGN_STYLE = Automatic;
				INFOPLIST_FILE = UILab/Info.plist;
				LD_RUNPATH_SEARCH_PATHS = (
					"$(inherited)",
					"@executable_path/Frameworks",
				);
				PRODUCT_BUNDLE_IDENTIFIER = Esperanca.UILab;
				PRODUCT_NAME = "$(TARGET_NAME)";
				SWIFT_VERSION = 4.2;
				TARGETED_DEVICE_FAMILY = "1,2";
			};
			name = Release;
		};
/* End XCBuildConfiguration section */

/* Begin XCConfigurationList section */
		D9C6C5892267EA4000C0B32B /* Build configuration list for PBXProject "UILab" */ = {
			isa = XCConfigurationList;
			buildConfigurations = (
				D9C6C59E2267EA4100C0B32B /* Debug */,
				D9C6C59F2267EA4100C0B32B /* Release */,
			);
			defaultConfigurationIsVisible = 0;
			defaultConfigurationName = Release;
		};
		D9C6C5A02267EA4100C0B32B /* Build configuration list for PBXNativeTarget "UILab" */ = {
			isa = XCConfigurationList;
			buildConfigurations = (
				D9C6C5A12267EA4100C0B32B /* Debug */,
				D9C6C5A22267EA4100C0B32B /* Release */,
			);
			defaultConfigurationIsVisible = 0;
			defaultConfigurationName = Release;
		};
/* End XCConfigurationList section */
	};
	rootObject = D9C6C5862267EA4000C0B32B /* Project object */;
}
